// !$*UTF8*$!
{
	archiveVersion = 1;
	classes = {
	};
	objectVersion = 50;
	objects = {

/* Begin PBXBuildFile section */
		BFC15F1B261E1B880036394D /* AppDelegate.swift in Sources */ = {isa = PBXBuildFile; fileRef = BFC15F1A261E1B880036394D /* AppDelegate.swift */; };
		BFC15F1D261E1B880036394D /* SceneDelegate.swift in Sources */ = {isa = PBXBuildFile; fileRef = BFC15F1C261E1B880036394D /* SceneDelegate.swift */; };
		BFC15F1F261E1B880036394D /* ViewController.swift in Sources */ = {isa = PBXBuildFile; fileRef = BFC15F1E261E1B880036394D /* ViewController.swift */; };
		BFC15F22261E1B880036394D /* Main.storyboard in Resources */ = {isa = PBXBuildFile; fileRef = BFC15F20261E1B880036394D /* Main.storyboard */; };
		BFC15F24261E1B890036394D /* Assets.xcassets in Resources */ = {isa = PBXBuildFile; fileRef = BFC15F23261E1B890036394D /* Assets.xcassets */; };
		BFC15F27261E1B890036394D /* LaunchScreen.storyboard in Resources */ = {isa = PBXBuildFile; fileRef = BFC15F25261E1B890036394D /* LaunchScreen.storyboard */; };
		BFC15F34261E233A0036394D /* Question.swift in Sources */ = {isa = PBXBuildFile; fileRef = BFC15F32261E233A0036394D /* Question.swift */; };
		BFC15F35261E233A0036394D /* QuizBrain.swift in Sources */ = {isa = PBXBuildFile; fileRef = BFC15F33261E233A0036394D /* QuizBrain.swift */; };
/* End PBXBuildFile section */

/* Begin PBXFileReference section */
		BFC15F17261E1B880036394D /* QuizYou.app */ = {isa = PBXFileReference; explicitFileType = wrapper.application; includeInIndex = 0; path = QuizYou.app; sourceTree = BUILT_PRODUCTS_DIR; };
		BFC15F1A261E1B880036394D /* AppDelegate.swift */ = {isa = PBXFileReference; lastKnownFileType = sourcecode.swift; path = AppDelegate.swift; sourceTree = "<group>"; };
		BFC15F1C261E1B880036394D /* SceneDelegate.swift */ = {isa = PBXFileReference; lastKnownFileType = sourcecode.swift; path = SceneDelegate.swift; sourceTree = "<group>"; };
		BFC15F1E261E1B880036394D /* ViewController.swift */ = {isa = PBXFileReference; lastKnownFileType = sourcecode.swift; path = ViewController.swift; sourceTree = "<group>"; };
		BFC15F21261E1B880036394D /* Base */ = {isa = PBXFileReference; lastKnownFileType = file.storyboard; name = Base; path = Base.lproj/Main.storyboard; sourceTree = "<group>"; };
		BFC15F23261E1B890036394D /* Assets.xcassets */ = {isa = PBXFileReference; lastKnownFileType = folder.assetcatalog; path = Assets.xcassets; sourceTree = "<group>"; };
		BFC15F26261E1B890036394D /* Base */ = {isa = PBXFileReference; lastKnownFileType = file.storyboard; name = Base; path = Base.lproj/LaunchScreen.storyboard; sourceTree = "<group>"; };
		BFC15F28261E1B890036394D /* Info.plist */ = {isa = PBXFileReference; lastKnownFileType = text.plist.xml; path = Info.plist; sourceTree = "<group>"; };
		BFC15F32261E233A0036394D /* Question.swift */ = {isa = PBXFileReference; fileEncoding = 4; lastKnownFileType = sourcecode.swift; path = Question.swift; sourceTree = "<group>"; };
		BFC15F33261E233A0036394D /* QuizBrain.swift */ = {isa = PBXFileReference; fileEncoding = 4; lastKnownFileType = sourcecode.swift; path = QuizBrain.swift; sourceTree = "<group>"; };
/* End PBXFileReference section */

/* Begin PBXFrameworksBuildPhase section */
		BFC15F14261E1B880036394D /* Frameworks */ = {
			isa = PBXFrameworksBuildPhase;
			buildActionMask = 2147483647;
			files = (
			);
			runOnlyForDeploymentPostprocessing = 0;
		};
/* End PBXFrameworksBuildPhase section */

/* Begin PBXGroup section */
		BFC15F0E261E1B880036394D = {
			isa = PBXGroup;
			children = (
				BFC15F19261E1B880036394D /* QuizYou */,
				BFC15F18261E1B880036394D /* Products */,
			);
			sourceTree = "<group>";
		};
		BFC15F18261E1B880036394D /* Products */ = {
			isa = PBXGroup;
			children = (
				BFC15F17261E1B880036394D /* QuizYou.app */,
			);
			name = Products;
			sourceTree = "<group>";
		};
		BFC15F19261E1B880036394D /* QuizYou */ = {
			isa = PBXGroup;
			children = (
				BFC15F1A261E1B880036394D /* AppDelegate.swift */,
				BFC15F1C261E1B880036394D /* SceneDelegate.swift */,
				BFC15F30261E23160036394D /* Controller */,
				BFC15F2F261E230D0036394D /* View */,
				BFC15F37261E23420036394D /* Model */,
				BFC15F23261E1B890036394D /* Assets.xcassets */,
				BFC15F25261E1B890036394D /* LaunchScreen.storyboard */,
				BFC15F28261E1B890036394D /* Info.plist */,
			);
			path = QuizYou;
			sourceTree = "<group>";
		};
		BFC15F2F261E230D0036394D /* View */ = {
			isa = PBXGroup;
			children = (
				BFC15F20261E1B880036394D /* Main.storyboard */,
			);
			path = View;
			sourceTree = "<group>";
		};
		BFC15F30261E23160036394D /* Controller */ = {
			isa = PBXGroup;
			children = (
				BFC15F1E261E1B880036394D /* ViewController.swift */,
			);
			path = Controller;
			sourceTree = "<group>";
		};
		BFC15F37261E23420036394D /* Model */ = {
			isa = PBXGroup;
			children = (
				BFC15F32261E233A0036394D /* Question.swift */,
				BFC15F33261E233A0036394D /* QuizBrain.swift */,
			);
			path = Model;
			sourceTree = "<group>";
		};
/* End PBXGroup section */

/* Begin PBXNativeTarget section */
		BFC15F16261E1B880036394D /* QuizYou */ = {
			isa = PBXNativeTarget;
			buildConfigurationList = BFC15F2B261E1B890036394D /* Build configuration list for PBXNativeTarget "QuizYou" */;
			buildPhases = (
				BFC15F13261E1B880036394D /* Sources */,
				BFC15F14261E1B880036394D /* Frameworks */,
				BFC15F15261E1B880036394D /* Resources */,
			);
			buildRules = (
			);
			dependencies = (
			);
			name = QuizYou;
			productName = QuizYou;
			productReference = BFC15F17261E1B880036394D /* QuizYou.app */;
			productType = "com.apple.product-type.application";
		};
/* End PBXNativeTarget section */

/* Begin PBXProject section */
		BFC15F0F261E1B880036394D /* Project object */ = {
			isa = PBXProject;
			attributes = {
				LastSwiftUpdateCheck = 1240;
				LastUpgradeCheck = 1240;
				TargetAttributes = {
					BFC15F16261E1B880036394D = {
						CreatedOnToolsVersion = 12.4;
					};
				};
			};
			buildConfigurationList = BFC15F12261E1B880036394D /* Build configuration list for PBXProject "QuizYou" */;
			compatibilityVersion = "Xcode 9.3";
			developmentRegion = en;
			hasScannedForEncodings = 0;
			knownRegions = (
				en,
				Base,
			);
			mainGroup = BFC15F0E261E1B880036394D;
			productRefGroup = BFC15F18261E1B880036394D /* Products */;
			projectDirPath = "";
			projectRoot = "";
			targets = (
				BFC15F16261E1B880036394D /* QuizYou */,
			);
		};
/* End PBXProject section */

/* Begin PBXResourcesBuildPhase section */
		BFC15F15261E1B880036394D /* Resources */ = {
			isa = PBXResourcesBuildPhase;
			buildActionMask = 2147483647;
			files = (
				BFC15F27261E1B890036394D /* LaunchScreen.storyboard in Resources */,
				BFC15F24261E1B890036394D /* Assets.xcassets in Resources */,
				BFC15F22261E1B880036394D /* Main.storyboard in Resources */,
			);
			runOnlyForDeploymentPostprocessing = 0;
		};
/* End PBXResourcesBuildPhase section */

/* Begin PBXSourcesBuildPhase section */
		BFC15F13261E1B880036394D /* Sources */ = {
			isa = PBXSourcesBuildPhase;
			buildActionMask = 2147483647;
			files = (
				BFC15F35261E233A0036394D /* QuizBrain.swift in Sources */,
				BFC15F1F261E1B880036394D /* ViewController.swift in Sources */,
				BFC15F34261E233A0036394D /* Question.swift in Sources */,
				BFC15F1B261E1B880036394D /* AppDelegate.swift in Sources */,
				BFC15F1D261E1B880036394D /* SceneDelegate.swift in Sources */,
			);
			runOnlyForDeploymentPostprocessing = 0;
		};
/* End PBXSourcesBuildPhase section */

/* Begin PBXVariantGroup section */
		BFC15F20261E1B880036394D /* Main.storyboard */ = {
			isa = PBXVariantGroup;
			children = (
				BFC15F21261E1B880036394D /* Base */,
			);
			name = Main.storyboard;
			sourceTree = "<group>";
		};
		BFC15F25261E1B890036394D /* LaunchScreen.storyboard */ = {
			isa = PBXVariantGroup;
			children = (
				BFC15F26261E1B890036394D /* Base */,
			);
			name = LaunchScreen.storyboard;
			sourceTree = "<group>";
		};
/* End PBXVariantGroup section */

/* Begin XCBuildConfiguration section */
		BFC15F29261E1B890036394D /* Debug */ = {
			isa = XCBuildConfiguration;
			buildSettings = {
				ALWAYS_SEARCH_USER_PATHS = NO;
				CLANG_ANALYZER_NONNULL = YES;
				CLANG_ANALYZER_NUMBER_OBJECT_CONVERSION = YES_AGGRESSIVE;
				CLANG_CXX_LANGUAGE_STANDARD = "gnu++14";
				CLANG_CXX_LIBRARY = "libc++";
				CLANG_ENABLE_MODULES = YES;
				CLANG_ENABLE_OBJC_ARC = YES;
				CLANG_ENABLE_OBJC_WEAK = YES;
				CLANG_WARN_BLOCK_CAPTURE_AUTORELEASING = YES;
				CLANG_WARN_BOOL_CONVERSION = YES;
				CLANG_WARN_COMMA = YES;
				CLANG_WARN_CONSTANT_CONVERSION = YES;
				CLANG_WARN_DEPRECATED_OBJC_IMPLEMENTATIONS = YES;
				CLANG_WARN_DIRECT_OBJC_ISA_USAGE = YES_ERROR;
				CLANG_WARN_DOCUMENTATION_COMMENTS = YES;
				CLANG_WARN_EMPTY_BODY = YES;
				CLANG_WARN_ENUM_CONVERSION = YES;
				CLANG_WARN_INFINITE_RECURSION = YES;
				CLANG_WARN_INT_CONVERSION = YES;
				CLANG_WARN_NON_LITERAL_NULL_CONVERSION = YES;
				CLANG_WARN_OBJC_IMPLICIT_RETAIN_SELF = YES;
				CLANG_WARN_OBJC_LITERAL_CONVERSION = YES;
				CLANG_WARN_OBJC_ROOT_CLASS = YES_ERROR;
				CLANG_WARN_QUOTED_INCLUDE_IN_FRAMEWORK_HEADER = YES;
				CLANG_WARN_RANGE_LOOP_ANALYSIS = YES;
				CLANG_WARN_STRICT_PROTOTYPES = YES;
				CLANG_WARN_SUSPICIOUS_MOVE = YES;
				CLANG_WARN_UNGUARDED_AVAILABILITY = YES_AGGRESSIVE;
				CLANG_WARN_UNREACHABLE_CODE = YES;
				CLANG_WARN__DUPLICATE_METHOD_MATCH = YES;
				COPY_PHASE_STRIP = NO;
				DEBUG_INFORMATION_FORMAT = dwarf;
				ENABLE_STRICT_OBJC_MSGSEND = YES;
				ENABLE_TESTABILITY = YES;
				GCC_C_LANGUAGE_STANDARD = gnu11;
				GCC_DYNAMIC_NO_PIC = NO;
				GCC_NO_COMMON_BLOCKS = YES;
				GCC_OPTIMIZATION_LEVEL = 0;
				GCC_PREPROCESSOR_DEFINITIONS = (
					"DEBUG=1",
					"$(inherited)",
				);
				GCC_WARN_64_TO_32_BIT_CONVERSION = YES;
				GCC_WARN_ABOUT_RETURN_TYPE = YES_ERROR;
				GCC_WARN_UNDECLARED_SELECTOR = YES;
				GCC_WARN_UNINITIALIZED_AUTOS = YES_AGGRESSIVE;
				GCC_WARN_UNUSED_FUNCTION = YES;
				GCC_WARN_UNUSED_VARIABLE = YES;
				IPHONEOS_DEPLOYMENT_TARGET = 14.4;
				MTL_ENABLE_DEBUG_INFO = INCLUDE_SOURCE;
				MTL_FAST_MATH = YES;
				ONLY_ACTIVE_ARCH = YES;
				SDKROOT = iphoneos;
				SWIFT_ACTIVE_COMPILATION_CONDITIONS = DEBUG;
				SWIFT_OPTIMIZATION_LEVEL = "-Onone";
			};
			name = Debug;
		};
		BFC15F2A261E1B890036394D /* Release */ = {
			isa = XCBuildConfiguration;
			buildSettings = {
				ALWAYS_SEARCH_USER_PATHS = NO;
				CLANG_ANALYZER_NONNULL = YES;
				CLANG_ANALYZER_NUMBER_OBJECT_CONVERSION = YES_AGGRESSIVE;
				CLANG_CXX_LANGUAGE_STANDARD = "gnu++14";
				CLANG_CXX_LIBRARY = "libc++";
				CLANG_ENABLE_MODULES = YES;
				CLANG_ENABLE_OBJC_ARC = YES;
				CLANG_ENABLE_OBJC_WEAK = YES;
				CLANG_WARN_BLOCK_CAPTURE_AUTORELEASING = YES;
				CLANG_WARN_BOOL_CONVERSION = YES;
				CLANG_WARN_COMMA = YES;
				CLANG_WARN_CONSTANT_CONVERSION = YES;
				CLANG_WARN_DEPRECATED_OBJC_IMPLEMENTATIONS = YES;
				CLANG_WARN_DIRECT_OBJC_ISA_USAGE = YES_ERROR;
				CLANG_WARN_DOCUMENTATION_COMMENTS = YES;
				CLANG_WARN_EMPTY_BODY = YES;
				CLANG_WARN_ENUM_CONVERSION = YES;
				CLANG_WARN_INFINITE_RECURSION = YES;
				CLANG_WARN_INT_CONVERSION = YES;
				CLANG_WARN_NON_LITERAL_NULL_CONVERSION = YES;
				CLANG_WARN_OBJC_IMPLICIT_RETAIN_SELF = YES;
				CLANG_WARN_OBJC_LITERAL_CONVERSION = YES;
				CLANG_WARN_OBJC_ROOT_CLASS = YES_ERROR;
				CLANG_WARN_QUOTED_INCLUDE_IN_FRAMEWORK_HEADER = YES;
				CLANG_WARN_RANGE_LOOP_ANALYSIS = YES;
				CLANG_WARN_STRICT_PROTOTYPES = YES;
				CLANG_WARN_SUSPICIOUS_MOVE = YES;
				CLANG_WARN_UNGUARDED_AVAILABILITY = YES_AGGRESSIVE;
				CLANG_WARN_UNREACHABLE_CODE = YES;
				CLANG_WARN__DUPLICATE_METHOD_MATCH = YES;
				COPY_PHASE_STRIP = NO;
				DEBUG_INFORMATION_FORMAT = "dwarf-with-dsym";
				ENABLE_NS_ASSERTIONS = NO;
				ENABLE_STRICT_OBJC_MSGSEND = YES;
				GCC_C_LANGUAGE_STANDARD = gnu11;
				GCC_NO_COMMON_BLOCKS = YES;
				GCC_WARN_64_TO_32_BIT_CONVERSION = YES;
				GCC_WARN_ABOUT_RETURN_TYPE = YES_ERROR;
				GCC_WARN_UNDECLARED_SELECTOR = YES;
				GCC_WARN_UNINITIALIZED_AUTOS = YES_AGGRESSIVE;
				GCC_WARN_UNUSED_FUNCTION = YES;
				GCC_WARN_UNUSED_VARIABLE = YES;
				IPHONEOS_DEPLOYMENT_TARGET = 14.4;
				MTL_ENABLE_DEBUG_INFO = NO;
				MTL_FAST_MATH = YES;
				SDKROOT = iphoneos;
				SWIFT_COMPILATION_MODE = wholemodule;
				SWIFT_OPTIMIZATION_LEVEL = "-O";
				VALIDATE_PRODUCT = YES;
			};
			name = Release;
		};
		BFC15F2C261E1B890036394D /* Debug */ = {
			isa = XCBuildConfiguration;
			buildSettings = {
				ASSETCATALOG_COMPILER_APPICON_NAME = AppIcon;
				ASSETCATALOG_COMPILER_GLOBAL_ACCENT_COLOR_NAME = AccentColor;
				CODE_SIGN_STYLE = Automatic;
				INFOPLIST_FILE = QuizYou/Info.plist;
				LD_RUNPATH_SEARCH_PATHS = (
					"$(inherited)",
					"@executable_path/Frameworks",
				);
				PRODUCT_BUNDLE_IDENTIFIER = com.minna.QuizYou;
				PRODUCT_NAME = "$(TARGET_NAME)";
				SWIFT_VERSION = 5.0;
				TARGETED_DEVICE_FAMILY = "1,2";
			};
			name = Debug;
		};
		BFC15F2D261E1B890036394D /* Release */ = {
			isa = XCBuildConfiguration;
			buildSettings = {
				ASSETCATALOG_COMPILER_APPICON_NAME = AppIcon;
				ASSETCATALOG_COMPILER_GLOBAL_ACCENT_COLOR_NAME = AccentColor;
				CODE_SIGN_STYLE = Automatic;
				INFOPLIST_FILE = QuizYou/Info.plist;
				LD_RUNPATH_SEARCH_PATHS = (
					"$(inherited)",
					"@executable_path/Frameworks",
				);
				PRODUCT_BUNDLE_IDENTIFIER = com.minna.QuizYou;
				PRODUCT_NAME = "$(TARGET_NAME)";
				SWIFT_VERSION = 5.0;
				TARGETED_DEVICE_FAMILY = "1,2";
			};
			name = Release;
		};
/* End XCBuildConfiguration section */

/* Begin XCConfigurationList section */
		BFC15F12261E1B880036394D /* Build configuration list for PBXProject "QuizYou" */ = {
			isa = XCConfigurationList;
			buildConfigurations = (
				BFC15F29261E1B890036394D /* Debug */,
				BFC15F2A261E1B890036394D /* Release */,
			);
			defaultConfigurationIsVisible = 0;
			defaultConfigurationName = Release;
		};
		BFC15F2B261E1B890036394D /* Build configuration list for PBXNativeTarget "QuizYou" */ = {
			isa = XCConfigurationList;
			buildConfigurations = (
				BFC15F2C261E1B890036394D /* Debug */,
				BFC15F2D261E1B890036394D /* Release */,
			);
			defaultConfigurationIsVisible = 0;
			defaultConfigurationName = Release;
		};
/* End XCConfigurationList section */
	};
	rootObject = BFC15F0F261E1B880036394D /* Project object */;
}
